
Microsoft Visual Studio Solution File, Format Version 12.00
# Visual Studio Version 17
VisualStudioVersion = 17.0.31903.59
MinimumVisualStudioVersion = 10.0.40219.1
Project("{FAE04EC0-301F-11D3-BF4B-00C04F79EFBC}") = "Start.Core", "Start.Core\Start.Core.csproj", "{A6D5FA7E-69F8-42D9-9633-D78BF215A30F}"
EndProject
Project("{FAE04EC0-301F-11D3-BF4B-00C04F79EFBC}") = "Start.Infrastructure", "Start.Infrastructure\Start.Infrastructure.csproj", "{5758887F-DCDC-465D-8FDB-CC92BCDB6A1B}"
EndProject
Project("{FAE04EC0-301F-11D3-BF4B-00C04F79EFBC}") = "Start.App", "Start.App\Start.App.csproj", "{281C0B8C-E494-4B71-82A6-9082D22DCD94}"
EndProject
Project("{FAE04EC0-301F-11D3-BF4B-00C04F79EFBC}") = "Start.UI", "Start.UI\Start.UI.csproj", "{90986316-F4D2-4726-A4A7-86923B440457}"
EndProject
Global
	GlobalSection(SolutionConfigurationPlatforms) = preSolution
		Debug|Any CPU = Debug|Any CPU
		Debug|x64 = Debug|x64
		Debug|x86 = Debug|x86
		Release|Any CPU = Release|Any CPU
		Release|x64 = Release|x64
		Release|x86 = Release|x86
	EndGlobalSection
	GlobalSection(ProjectConfigurationPlatforms) = postSolution
		{A6D5FA7E-69F8-42D9-9633-D78BF215A30F}.Debug|Any CPU.ActiveCfg = Debug|Any CPU
		{A6D5FA7E-69F8-42D9-9633-D78BF215A30F}.Debug|Any CPU.Build.0 = Debug|Any CPU
		{A6D5FA7E-69F8-42D9-9633-D78BF215A30F}.Debug|x64.ActiveCfg = Debug|Any CPU
		{A6D5FA7E-69F8-42D9-9633-D78BF215A30F}.Debug|x64.Build.0 = Debug|Any CPU
		{A6D5FA7E-69F8-42D9-9633-D78BF215A30F}.Debug|x86.ActiveCfg = Debug|Any CPU
		{A6D5FA7E-69F8-42D9-9633-D78BF215A30F}.Debug|x86.Build.0 = Debug|Any CPU
		{A6D5FA7E-69F8-42D9-9633-D78BF215A30F}.Release|Any CPU.ActiveCfg = Release|Any CPU
		{A6D5FA7E-69F8-42D9-9633-D78BF215A30F}.Release|Any CPU.Build.0 = Release|Any CPU
		{A6D5FA7E-69F8-42D9-9633-D78BF215A30F}.Release|x64.ActiveCfg = Release|Any CPU
		{A6D5FA7E-69F8-42D9-9633-D78BF215A30F}.Release|x64.Build.0 = Release|Any CPU
		{A6D5FA7E-69F8-42D9-9633-D78BF215A30F}.Release|x86.ActiveCfg = Release|Any CPU
		{A6D5FA7E-69F8-42D9-9633-D78BF215A30F}.Release|x86.Build.0 = Release|Any CPU
		{5758887F-DCDC-465D-8FDB-CC92BCDB6A1B}.Debug|Any CPU.ActiveCfg = Debug|Any CPU
		{5758887F-DCDC-465D-8FDB-CC92BCDB6A1B}.Debug|Any CPU.Build.0 = Debug|Any CPU
		{5758887F-DCDC-465D-8FDB-CC92BCDB6A1B}.Debug|x64.ActiveCfg = Debug|Any CPU
		{5758887F-DCDC-465D-8FDB-CC92BCDB6A1B}.Debug|x64.Build.0 = Debug|Any CPU
		{5758887F-DCDC-465D-8FDB-CC92BCDB6A1B}.Debug|x86.ActiveCfg = Debug|Any CPU
		{5758887F-DCDC-465D-8FDB-CC92BCDB6A1B}.Debug|x86.Build.0 = Debug|Any CPU
		{5758887F-DCDC-465D-8FDB-CC92BCDB6A1B}.Release|Any CPU.ActiveCfg = Release|Any CPU
		{5758887F-DCDC-465D-8FDB-CC92BCDB6A1B}.Release|Any CPU.Build.0 = Release|Any CPU
		{5758887F-DCDC-465D-8FDB-CC92BCDB6A1B}.Release|x64.ActiveCfg = Release|Any CPU
		{5758887F-DCDC-465D-8FDB-CC92BCDB6A1B}.Release|x64.Build.0 = Release|Any CPU
		{5758887F-DCDC-465D-8FDB-CC92BCDB6A1B}.Release|x86.ActiveCfg = Release|Any CPU
		{5758887F-DCDC-465D-8FDB-CC92BCDB6A1B}.Release|x86.Build.0 = Release|Any CPU
		{281C0B8C-E494-4B71-82A6-9082D22DCD94}.Debug|Any CPU.ActiveCfg = Debug|Any CPU
		{281C0B8C-E494-4B71-82A6-9082D22DCD94}.Debug|Any CPU.Build.0 = Debug|Any CPU
		{281C0B8C-E494-4B71-82A6-9082D22DCD94}.Debug|x64.ActiveCfg = Debug|Any CPU
		{281C0B8C-E494-4B71-82A6-9082D22DCD94}.Debug|x64.Build.0 = Debug|Any CPU
		{281C0B8C-E494-4B71-82A6-9082D22DCD94}.Debug|x86.ActiveCfg = Debug|Any CPU
		{281C0B8C-E494-4B71-82A6-9082D22DCD94}.Debug|x86.Build.0 = Debug|Any CPU
		{281C0B8C-E494-4B71-82A6-9082D22DCD94}.Release|Any CPU.ActiveCfg = Release|Any CPU
		{281C0B8C-E494-4B71-82A6-9082D22DCD94}.Release|Any CPU.Build.0 = Release|Any CPU
		{281C0B8C-E494-4B71-82A6-9082D22DCD94}.Release|x64.ActiveCfg = Release|Any CPU
		{281C0B8C-E494-4B71-82A6-9082D22DCD94}.Release|x64.Build.0 = Release|Any CPU
		{281C0B8C-E494-4B71-82A6-9082D22DCD94}.Release|x86.ActiveCfg = Release|Any CPU
		{281C0B8C-E494-4B71-82A6-9082D22DCD94}.Release|x86.Build.0 = Release|Any CPU
		{90986316-F4D2-4726-A4A7-86923B440457}.Debug|Any CPU.ActiveCfg = Debug|Any CPU
		{90986316-F4D2-4726-A4A7-86923B440457}.Debug|Any CPU.Build.0 = Debug|Any CPU
		{90986316-F4D2-4726-A4A7-86923B440457}.Debug|x64.ActiveCfg = Debug|Any CPU
		{90986316-F4D2-4726-A4A7-86923B440457}.Debug|x64.Build.0 = Debug|Any CPU
		{90986316-F4D2-4726-A4A7-86923B440457}.Debug|x86.ActiveCfg = Debug|Any CPU
		{90986316-F4D2-4726-A4A7-86923B440457}.Debug|x86.Build.0 = Debug|Any CPU
		{90986316-F4D2-4726-A4A7-86923B440457}.Release|Any CPU.ActiveCfg = Release|Any CPU
		{90986316-F4D2-4726-A4A7-86923B440457}.Release|Any CPU.Build.0 = Release|Any CPU
		{90986316-F4D2-4726-A4A7-86923B440457}.Release|x64.ActiveCfg = Release|Any CPU
		{90986316-F4D2-4726-A4A7-86923B440457}.Release|x64.Build.0 = Release|Any CPU
		{90986316-F4D2-4726-A4A7-86923B440457}.Release|x86.ActiveCfg = Release|Any CPU
		{90986316-F4D2-4726-A4A7-86923B440457}.Release|x86.Build.0 = Release|Any CPU
	EndGlobalSection
	GlobalSection(SolutionProperties) = preSolution
		HideSolutionNode = FALSE
	EndGlobalSection
EndGlobal
